
Microsoft Visual Studio Solution File, Format Version 12.00
# Visual Studio Version 17
VisualStudioVersion = 17.0.31912.275
MinimumVisualStudioVersion = 10.0.40219.1
Project("{9A19103F-16F7-4668-BE54-9A1E7A4F7556}") = "Dapper.Extensions", "src\Dapper.Extensions\Dapper.Extensions.csproj", "{72905B6C-3368-4A7C-9C53-88C991B08E69}"
EndProject
Project("{9A19103F-16F7-4668-BE54-9A1E7A4F7556}") = "Dapper.Extensions.MySQL", "src\Dapper.Extensions.MySql\Dapper.Extensions.MySQL.csproj", "{5F5C0101-58CB-4D88-9914-F2FB738106A2}"
EndProject
Project("{9A19103F-16F7-4668-BE54-9A1E7A4F7556}") = "Dapper.Extensions.PostgreSQL", "src\Dapper.Extensions.PostgreSql\Dapper.Extensions.PostgreSQL.csproj", "{561840F3-D18C-4105-8488-EDA85DA993F1}"
EndProject
Project("{9A19103F-16F7-4668-BE54-9A1E7A4F7556}") = "Dapper.Extensions.Odbc", "src\Dapper.Extensions.Odbc\Dapper.Extensions.Odbc.csproj", "{E996030B-A276-464A-8072-9DCE617C2289}"
EndProject
Project("{9A19103F-16F7-4668-BE54-9A1E7A4F7556}") = "Example", "Example\Example.csproj", "{3076FA8F-CB7B-48EE-98B7-B32B3669DA8C}"
EndProject
Project("{9A19103F-16F7-4668-BE54-9A1E7A4F7556}") = "Dapper.Extensions.SQLite", "src\Dapper.Extensions.SQLite\Dapper.Extensions.SQLite.csproj", "{87D43C71-898F-44A6-9A58-47790FFCE1BD}"
EndProject
Project("{9A19103F-16F7-4668-BE54-9A1E7A4F7556}") = "Dapper.Extensions.Caching.Redis", "src\Dapper.Extensions.Caching.Redis\Dapper.Extensions.Caching.Redis.csproj", "{ADD57164-CF50-415C-8BF3-EFAAF6FF2455}"
EndProject
Project("{9A19103F-16F7-4668-BE54-9A1E7A4F7556}") = "Dapper.Extensions.Caching.Memory", "src\Dapper.Extensions.Caching.Memory\Dapper.Extensions.Caching.Memory.csproj", "{2D7ACD9F-1AF8-429B-9F21-ACD979ED971C}"
EndProject
Project("{2150E333-8FDC-42A3-9474-1A3956D46DE8}") = "src", "src", "{052F9750-3DC4-4D32-9E99-AFCA88FB23AC}"
EndProject
Project("{2150E333-8FDC-42A3-9474-1A3956D46DE8}") = "Caching", "Caching", "{01ADC116-B7CE-41DF-99C3-E94BABE081FC}"
EndProject
Project("{9A19103F-16F7-4668-BE54-9A1E7A4F7556}") = "Dapper.Extensions.MSSQL", "src\Dapper.Extensions.MSSQL\Dapper.Extensions.MSSQL.csproj", "{D7C3A1B2-D58B-4713-B64E-ACC517CEA62D}"
EndProject
Project("{9A19103F-16F7-4668-BE54-9A1E7A4F7556}") = "Dapper.Extensions.MiniProfiler", "src\Dapper.Extensions.MiniProfiler\Dapper.Extensions.MiniProfiler.csproj", "{665BAB62-9C7D-4AEE-9041-3BA63E2B12EC}"
EndProject
Project("{9A19103F-16F7-4668-BE54-9A1E7A4F7556}") = "XUnitTest", "XUnitTest\XUnitTest.csproj", "{C09CFFD1-3563-4C14-B6EB-3E32B09898AE}"
EndProject
Project("{9A19103F-16F7-4668-BE54-9A1E7A4F7556}") = "ConsoleApp", "ConsoleApp\ConsoleApp.csproj", "{DA4B26E4-310A-40A0-A874-A2E23838AE73}"
EndProject
Project("{FAE04EC0-301F-11D3-BF4B-00C04F79EFBC}") = "Dapper.Extensions.Oracle", "src\Dapper.Extensions.Oracle\Dapper.Extensions.Oracle.csproj", "{7D625245-CDEC-4075-8C9C-8436F43F7A95}"
EndProject
Global
	GlobalSection(SolutionConfigurationPlatforms) = preSolution
		Debug|Any CPU = Debug|Any CPU
		Debug|x86 = Debug|x86
		Release|Any CPU = Release|Any CPU
		Release|x86 = Release|x86
	EndGlobalSection
	GlobalSection(ProjectConfigurationPlatforms) = postSolution
		{72905B6C-3368-4A7C-9C53-88C991B08E69}.Debug|Any CPU.ActiveCfg = Debug|Any CPU
		{72905B6C-3368-4A7C-9C53-88C991B08E69}.Debug|Any CPU.Build.0 = Debug|Any CPU
		{72905B6C-3368-4A7C-9C53-88C991B08E69}.Debug|x86.ActiveCfg = Debug|Any CPU
		{72905B6C-3368-4A7C-9C53-88C991B08E69}.Debug|x86.Build.0 = Debug|Any CPU
		{72905B6C-3368-4A7C-9C53-88C991B08E69}.Release|Any CPU.ActiveCfg = Release|Any CPU
		{72905B6C-3368-4A7C-9C53-88C991B08E69}.Release|Any CPU.Build.0 = Release|Any CPU
		{72905B6C-3368-4A7C-9C53-88C991B08E69}.Release|x86.ActiveCfg = Release|Any CPU
		{72905B6C-3368-4A7C-9C53-88C991B08E69}.Release|x86.Build.0 = Release|Any CPU
		{5F5C0101-58CB-4D88-9914-F2FB738106A2}.Debug|Any CPU.ActiveCfg = Debug|Any CPU
		{5F5C0101-58CB-4D88-9914-F2FB738106A2}.Debug|Any CPU.Build.0 = Debug|Any CPU
		{5F5C0101-58CB-4D88-9914-F2FB738106A2}.Debug|x86.ActiveCfg = Debug|Any CPU
		{5F5C0101-58CB-4D88-9914-F2FB738106A2}.Debug|x86.Build.0 = Debug|Any CPU
		{5F5C0101-58CB-4D88-9914-F2FB738106A2}.Release|Any CPU.ActiveCfg = Release|Any CPU
		{5F5C0101-58CB-4D88-9914-F2FB738106A2}.Release|Any CPU.Build.0 = Release|Any CPU
		{5F5C0101-58CB-4D88-9914-F2FB738106A2}.Release|x86.ActiveCfg = Release|Any CPU
		{5F5C0101-58CB-4D88-9914-F2FB738106A2}.Release|x86.Build.0 = Release|Any CPU
		{561840F3-D18C-4105-8488-EDA85DA993F1}.Debug|Any CPU.ActiveCfg = Debug|Any CPU
		{561840F3-D18C-4105-8488-EDA85DA993F1}.Debug|Any CPU.Build.0 = Debug|Any CPU
		{561840F3-D18C-4105-8488-EDA85DA993F1}.Debug|x86.ActiveCfg = Debug|Any CPU
		{561840F3-D18C-4105-8488-EDA85DA993F1}.Debug|x86.Build.0 = Debug|Any CPU
		{561840F3-D18C-4105-8488-EDA85DA993F1}.Release|Any CPU.ActiveCfg = Release|Any CPU
		{561840F3-D18C-4105-8488-EDA85DA993F1}.Release|Any CPU.Build.0 = Release|Any CPU
		{561840F3-D18C-4105-8488-EDA85DA993F1}.Release|x86.ActiveCfg = Release|Any CPU
		{561840F3-D18C-4105-8488-EDA85DA993F1}.Release|x86.Build.0 = Release|Any CPU
		{E996030B-A276-464A-8072-9DCE617C2289}.Debug|Any CPU.ActiveCfg = Debug|Any CPU
		{E996030B-A276-464A-8072-9DCE617C2289}.Debug|Any CPU.Build.0 = Debug|Any CPU
		{E996030B-A276-464A-8072-9DCE617C2289}.Debug|x86.ActiveCfg = Debug|Any CPU
		{E996030B-A276-464A-8072-9DCE617C2289}.Debug|x86.Build.0 = Debug|Any CPU
		{E996030B-A276-464A-8072-9DCE617C2289}.Release|Any CPU.ActiveCfg = Release|Any CPU
		{E996030B-A276-464A-8072-9DCE617C2289}.Release|Any CPU.Build.0 = Release|Any CPU
		{E996030B-A276-464A-8072-9DCE617C2289}.Release|x86.ActiveCfg = Release|Any CPU
		{E996030B-A276-464A-8072-9DCE617C2289}.Release|x86.Build.0 = Release|Any CPU
		{3076FA8F-CB7B-48EE-98B7-B32B3669DA8C}.Debug|Any CPU.ActiveCfg = Debug|Any CPU
		{3076FA8F-CB7B-48EE-98B7-B32B3669DA8C}.Debug|Any CPU.Build.0 = Debug|Any CPU
		{3076FA8F-CB7B-48EE-98B7-B32B3669DA8C}.Debug|x86.ActiveCfg = Debug|Any CPU
		{3076FA8F-CB7B-48EE-98B7-B32B3669DA8C}.Debug|x86.Build.0 = Debug|Any CPU
		{3076FA8F-CB7B-48EE-98B7-B32B3669DA8C}.Release|Any CPU.ActiveCfg = Release|Any CPU
		{3076FA8F-CB7B-48EE-98B7-B32B3669DA8C}.Release|Any CPU.Build.0 = Release|Any CPU
		{3076FA8F-CB7B-48EE-98B7-B32B3669DA8C}.Release|x86.ActiveCfg = Release|Any CPU
		{3076FA8F-CB7B-48EE-98B7-B32B3669DA8C}.Release|x86.Build.0 = Release|Any CPU
		{87D43C71-898F-44A6-9A58-47790FFCE1BD}.Debug|Any CPU.ActiveCfg = Debug|Any CPU
		{87D43C71-898F-44A6-9A58-47790FFCE1BD}.Debug|Any CPU.Build.0 = Debug|Any CPU
		{87D43C71-898F-44A6-9A58-47790FFCE1BD}.Debug|x86.ActiveCfg = Debug|Any CPU
		{87D43C71-898F-44A6-9A58-47790FFCE1BD}.Debug|x86.Build.0 = Debug|Any CPU
		{87D43C71-898F-44A6-9A58-47790FFCE1BD}.Release|Any CPU.ActiveCfg = Release|Any CPU
		{87D43C71-898F-44A6-9A58-47790FFCE1BD}.Release|Any CPU.Build.0 = Release|Any CPU
		{87D43C71-898F-44A6-9A58-47790FFCE1BD}.Release|x86.ActiveCfg = Release|Any CPU
		{87D43C71-898F-44A6-9A58-47790FFCE1BD}.Release|x86.Build.0 = Release|Any CPU
		{ADD57164-CF50-415C-8BF3-EFAAF6FF2455}.Debug|Any CPU.ActiveCfg = Debug|Any CPU
		{ADD57164-CF50-415C-8BF3-EFAAF6FF2455}.Debug|Any CPU.Build.0 = Debug|Any CPU
		{ADD57164-CF50-415C-8BF3-EFAAF6FF2455}.Debug|x86.ActiveCfg = Debug|Any CPU
		{ADD57164-CF50-415C-8BF3-EFAAF6FF2455}.Debug|x86.Build.0 = Debug|Any CPU
		{ADD57164-CF50-415C-8BF3-EFAAF6FF2455}.Release|Any CPU.ActiveCfg = Release|Any CPU
		{ADD57164-CF50-415C-8BF3-EFAAF6FF2455}.Release|Any CPU.Build.0 = Release|Any CPU
		{ADD57164-CF50-415C-8BF3-EFAAF6FF2455}.Release|x86.ActiveCfg = Release|Any CPU
		{ADD57164-CF50-415C-8BF3-EFAAF6FF2455}.Release|x86.Build.0 = Release|Any CPU
		{2D7ACD9F-1AF8-429B-9F21-ACD979ED971C}.Debug|Any CPU.ActiveCfg = Debug|Any CPU
		{2D7ACD9F-1AF8-429B-9F21-ACD979ED971C}.Debug|Any CPU.Build.0 = Debug|Any CPU
		{2D7ACD9F-1AF8-429B-9F21-ACD979ED971C}.Debug|x86.ActiveCfg = Debug|Any CPU
		{2D7ACD9F-1AF8-429B-9F21-ACD979ED971C}.Debug|x86.Build.0 = Debug|Any CPU
		{2D7ACD9F-1AF8-429B-9F21-ACD979ED971C}.Release|Any CPU.ActiveCfg = Release|Any CPU
		{2D7ACD9F-1AF8-429B-9F21-ACD979ED971C}.Release|Any CPU.Build.0 = Release|Any CPU
		{2D7ACD9F-1AF8-429B-9F21-ACD979ED971C}.Release|x86.ActiveCfg = Release|Any CPU
		{2D7ACD9F-1AF8-429B-9F21-ACD979ED971C}.Release|x86.Build.0 = Release|Any CPU
		{D7C3A1B2-D58B-4713-B64E-ACC517CEA62D}.Debug|Any CPU.ActiveCfg = Debug|Any CPU
		{D7C3A1B2-D58B-4713-B64E-ACC517CEA62D}.Debug|Any CPU.Build.0 = Debug|Any CPU
		{D7C3A1B2-D58B-4713-B64E-ACC517CEA62D}.Debug|x86.ActiveCfg = Debug|Any CPU
		{D7C3A1B2-D58B-4713-B64E-ACC517CEA62D}.Debug|x86.Build.0 = Debug|Any CPU
		{D7C3A1B2-D58B-4713-B64E-ACC517CEA62D}.Release|Any CPU.ActiveCfg = Release|Any CPU
		{D7C3A1B2-D58B-4713-B64E-ACC517CEA62D}.Release|Any CPU.Build.0 = Release|Any CPU
		{D7C3A1B2-D58B-4713-B64E-ACC517CEA62D}.Release|x86.ActiveCfg = Release|Any CPU
		{D7C3A1B2-D58B-4713-B64E-ACC517CEA62D}.Release|x86.Build.0 = Release|Any CPU
		{665BAB62-9C7D-4AEE-9041-3BA63E2B12EC}.Debug|Any CPU.ActiveCfg = Debug|Any CPU
		{665BAB62-9C7D-4AEE-9041-3BA63E2B12EC}.Debug|Any CPU.Build.0 = Debug|Any CPU
		{665BAB62-9C7D-4AEE-9041-3BA63E2B12EC}.Debug|x86.ActiveCfg = Debug|Any CPU
		{665BAB62-9C7D-4AEE-9041-3BA63E2B12EC}.Debug|x86.Build.0 = Debug|Any CPU
		{665BAB62-9C7D-4AEE-9041-3BA63E2B12EC}.Release|Any CPU.ActiveCfg = Release|Any CPU
		{665BAB62-9C7D-4AEE-9041-3BA63E2B12EC}.Release|Any CPU.Build.0 = Release|Any CPU
		{665BAB62-9C7D-4AEE-9041-3BA63E2B12EC}.Release|x86.ActiveCfg = Release|Any CPU
		{665BAB62-9C7D-4AEE-9041-3BA63E2B12EC}.Release|x86.Build.0 = Release|Any CPU
		{C09CFFD1-3563-4C14-B6EB-3E32B09898AE}.Debug|Any CPU.ActiveCfg = Debug|Any CPU
		{C09CFFD1-3563-4C14-B6EB-3E32B09898AE}.Debug|Any CPU.Build.0 = Debug|Any CPU
		{C09CFFD1-3563-4C14-B6EB-3E32B09898AE}.Debug|x86.ActiveCfg = Debug|Any CPU
		{C09CFFD1-3563-4C14-B6EB-3E32B09898AE}.Debug|x86.Build.0 = Debug|Any CPU
		{C09CFFD1-3563-4C14-B6EB-3E32B09898AE}.Release|Any CPU.ActiveCfg = Release|Any CPU
		{C09CFFD1-3563-4C14-B6EB-3E32B09898AE}.Release|Any CPU.Build.0 = Release|Any CPU
		{C09CFFD1-3563-4C14-B6EB-3E32B09898AE}.Release|x86.ActiveCfg = Release|Any CPU
		{C09CFFD1-3563-4C14-B6EB-3E32B09898AE}.Release|x86.Build.0 = Release|Any CPU
		{DA4B26E4-310A-40A0-A874-A2E23838AE73}.Debug|Any CPU.ActiveCfg = Debug|Any CPU
		{DA4B26E4-310A-40A0-A874-A2E23838AE73}.Debug|Any CPU.Build.0 = Debug|Any CPU
		{DA4B26E4-310A-40A0-A874-A2E23838AE73}.Debug|x86.ActiveCfg = Debug|Any CPU
		{DA4B26E4-310A-40A0-A874-A2E23838AE73}.Debug|x86.Build.0 = Debug|Any CPU
		{DA4B26E4-310A-40A0-A874-A2E23838AE73}.Release|Any CPU.ActiveCfg = Release|Any CPU
		{DA4B26E4-310A-40A0-A874-A2E23838AE73}.Release|Any CPU.Build.0 = Release|Any CPU
		{DA4B26E4-310A-40A0-A874-A2E23838AE73}.Release|x86.ActiveCfg = Release|Any CPU
		{DA4B26E4-310A-40A0-A874-A2E23838AE73}.Release|x86.Build.0 = Release|Any CPU
		{7D625245-CDEC-4075-8C9C-8436F43F7A95}.Debug|Any CPU.ActiveCfg = Debug|Any CPU
		{7D625245-CDEC-4075-8C9C-8436F43F7A95}.Debug|Any CPU.Build.0 = Debug|Any CPU
		{7D625245-CDEC-4075-8C9C-8436F43F7A95}.Debug|x86.ActiveCfg = Debug|Any CPU
		{7D625245-CDEC-4075-8C9C-8436F43F7A95}.Debug|x86.Build.0 = Debug|Any CPU
		{7D625245-CDEC-4075-8C9C-8436F43F7A95}.Release|Any CPU.ActiveCfg = Release|Any CPU
		{7D625245-CDEC-4075-8C9C-8436F43F7A95}.Release|Any CPU.Build.0 = Release|Any CPU
		{7D625245-CDEC-4075-8C9C-8436F43F7A95}.Release|x86.ActiveCfg = Release|Any CPU
		{7D625245-CDEC-4075-8C9C-8436F43F7A95}.Release|x86.Build.0 = Release|Any CPU
	EndGlobalSection
	GlobalSection(SolutionProperties) = preSolution
		HideSolutionNode = FALSE
	EndGlobalSection
	GlobalSection(NestedProjects) = preSolution
		{72905B6C-3368-4A7C-9C53-88C991B08E69} = {052F9750-3DC4-4D32-9E99-AFCA88FB23AC}
		{5F5C0101-58CB-4D88-9914-F2FB738106A2} = {052F9750-3DC4-4D32-9E99-AFCA88FB23AC}
		{561840F3-D18C-4105-8488-EDA85DA993F1} = {052F9750-3DC4-4D32-9E99-AFCA88FB23AC}
		{E996030B-A276-464A-8072-9DCE617C2289} = {052F9750-3DC4-4D32-9E99-AFCA88FB23AC}
		{87D43C71-898F-44A6-9A58-47790FFCE1BD} = {052F9750-3DC4-4D32-9E99-AFCA88FB23AC}
		{ADD57164-CF50-415C-8BF3-EFAAF6FF2455} = {01ADC116-B7CE-41DF-99C3-E94BABE081FC}
		{2D7ACD9F-1AF8-429B-9F21-ACD979ED971C} = {01ADC116-B7CE-41DF-99C3-E94BABE081FC}
		{01ADC116-B7CE-41DF-99C3-E94BABE081FC} = {052F9750-3DC4-4D32-9E99-AFCA88FB23AC}
		{D7C3A1B2-D58B-4713-B64E-ACC517CEA62D} = {052F9750-3DC4-4D32-9E99-AFCA88FB23AC}
		{665BAB62-9C7D-4AEE-9041-3BA63E2B12EC} = {052F9750-3DC4-4D32-9E99-AFCA88FB23AC}
		{7D625245-CDEC-4075-8C9C-8436F43F7A95} = {052F9750-3DC4-4D32-9E99-AFCA88FB23AC}
	EndGlobalSection
	GlobalSection(ExtensibilityGlobals) = postSolution
		SolutionGuid = {72C2F8A8-B622-4FB1-8B87-3B240B9CC58F}
	EndGlobalSection
EndGlobal
